{
  "lockfileVersion": 1,
  "workspaces": {
    "": {
      "name": "loom",
      "devDependencies": {
        "@types/bun": "latest",
        "sherif": "^1.6.1",
        "turbo": "^2.5.8",
      },
      "peerDependencies": {
        "typescript": "^5.9.3",
      },
    },
    "examples/gql": {
      "name": "@loom/examples-gql",
      "dependencies": {
        "@threadws/loom-core": "workspace:*",
        "@threadws/loom-graphql": "workspace:*",
        "zod": "^4.1.11",
      },
      "devDependencies": {
        "@types/bun": "latest",
      },
      "peerDependencies": {
        "typescript": "^5",
      },
    },
    "examples/rest": {
      "name": "@loom/examples-rest",
      "dependencies": {
        "zod": "^4.1.11",
      },
      "devDependencies": {
        "@types/bun": "latest",
      },
      "peerDependencies": {
        "typescript": "^5",
      },
    },
    "packages/common": {
      "name": "@threadws/loom-common",
      "version": "0.0.5",
      "dependencies": {
        "@logtape/logtape": "^1.1.1",
        "@logtape/pretty": "^1.1.1",
        "reflect-metadata": "^0.2.2",
        "typedi": "^0.10.0",
        "zod": "^4.1.11",
      },
      "devDependencies": {
        "@types/bun": "latest",
      },
      "peerDependencies": {
        "typescript": "^5",
      },
    },
    "packages/core": {
      "name": "@threadws/loom-core",
      "version": "0.0.5",
      "dependencies": {
        "reflect-metadata": "^0.2.2",
        "ts-pattern": "^5.8.0",
        "typedi": "^0.10.0",
      },
      "devDependencies": {
        "@types/bun": "latest",
      },
      "peerDependencies": {
        "typescript": "^5",
      },
    },
    "packages/graphql": {
      "name": "@threadws/loom-graphql",
      "version": "0.0.5",
      "dependencies": {
        "@threadws/loom-common": "workspace:*",
        "graphql": "^16.11.0",
        "graphql-http": "^1.22.4",
        "reflect-metadata": "^0.2.2",
        "ruru": "^2.0.0-beta.30",
        "ts-pattern": "^5.8.0",
        "typedi": "^0.10.0",
      },
      "devDependencies": {
        "@types/bun": "latest",
      },
      "peerDependencies": {
        "typescript": "^5",
      },
    },
    "packages/rest": {
      "name": "@threadws/loom-rest",
      "version": "0.0.5",
      "dependencies": {
        "@threadws/loom-common": "workspace:*",
        "openapi3-ts": "^4.5.0",
        "reflect-metadata": "^0.2.2",
        "ts-pattern": "^5.8.0",
        "typedi": "^0.10.0",
        "zod": "^4.1.11",
      },
      "devDependencies": {
        "@types/bun": "latest",
      },
      "peerDependencies": {
        "typescript": "^5",
      },
    },
    "tooling/release": {
      "name": "@loom/release",
      "bin": {
        "loom-release": "./src/index.ts",
      },
      "dependencies": {
        "@inquirer/prompts": "^7.9.0",
        "commander": "^14.0.1",
        "semver": "^7.7.3",
      },
      "devDependencies": {
        "@types/bun": "latest",
      },
      "peerDependencies": {
        "typescript": "^5",
      },
    },
  },
  "packages": {
    "@emotion/is-prop-valid": ["@emotion/is-prop-valid@1.4.0", "", { "dependencies": { "@emotion/memoize": "^0.9.0" } }, "sha512-QgD4fyscGcbbKwJmqNvUMSE02OsHUa+lAWKdEUIJKgqe5IwRSKd7+KhibEWdaKwgjLj0DRSHA9biAIqGBk05lw=="],

    "@emotion/memoize": ["@emotion/memoize@0.9.0", "", {}, "sha512-30FAj7/EoJ5mwVPOWhAyCX+FPfMDrVecJAM+Iw9NRoSl4BBAQeqj4cApHHUXOVvIPgLVDsCFoz/hGD+5QQD1GQ=="],

    "@inquirer/ansi": ["@inquirer/ansi@1.0.1", "", {}, "sha512-yqq0aJW/5XPhi5xOAL1xRCpe1eh8UFVgYFpFsjEqmIR8rKLyP+HINvFXwUaxYICflJrVlxnp7lLN6As735kVpw=="],

    "@inquirer/checkbox": ["@inquirer/checkbox@4.3.0", "", { "dependencies": { "@inquirer/ansi": "^1.0.1", "@inquirer/core": "^10.3.0", "@inquirer/figures": "^1.0.14", "@inquirer/type": "^3.0.9", "yoctocolors-cjs": "^2.1.2" }, "peerDependencies": { "@types/node": ">=18" }, "optionalPeers": ["@types/node"] }, "sha512-5+Q3PKH35YsnoPTh75LucALdAxom6xh5D1oeY561x4cqBuH24ZFVyFREPe14xgnrtmGu3EEt1dIi60wRVSnGCw=="],

    "@inquirer/confirm": ["@inquirer/confirm@5.1.19", "", { "dependencies": { "@inquirer/core": "^10.3.0", "@inquirer/type": "^3.0.9" }, "peerDependencies": { "@types/node": ">=18" }, "optionalPeers": ["@types/node"] }, "sha512-wQNz9cfcxrtEnUyG5PndC8g3gZ7lGDBzmWiXZkX8ot3vfZ+/BLjR8EvyGX4YzQLeVqtAlY/YScZpW7CW8qMoDQ=="],

    "@inquirer/core": ["@inquirer/core@10.3.0", "", { "dependencies": { "@inquirer/ansi": "^1.0.1", "@inquirer/figures": "^1.0.14", "@inquirer/type": "^3.0.9", "cli-width": "^4.1.0", "mute-stream": "^2.0.0", "signal-exit": "^4.1.0", "wrap-ansi": "^6.2.0", "yoctocolors-cjs": "^2.1.2" }, "peerDependencies": { "@types/node": ">=18" }, "optionalPeers": ["@types/node"] }, "sha512-Uv2aPPPSK5jeCplQmQ9xadnFx2Zhj9b5Dj7bU6ZeCdDNNY11nhYy4btcSdtDguHqCT2h5oNeQTcUNSGGLA7NTA=="],

    "@inquirer/editor": ["@inquirer/editor@4.2.21", "", { "dependencies": { "@inquirer/core": "^10.3.0", "@inquirer/external-editor": "^1.0.2", "@inquirer/type": "^3.0.9" }, "peerDependencies": { "@types/node": ">=18" }, "optionalPeers": ["@types/node"] }, "sha512-MjtjOGjr0Kh4BciaFShYpZ1s9400idOdvQ5D7u7lE6VztPFoyLcVNE5dXBmEEIQq5zi4B9h2kU+q7AVBxJMAkQ=="],

    "@inquirer/expand": ["@inquirer/expand@4.0.21", "", { "dependencies": { "@inquirer/core": "^10.3.0", "@inquirer/type": "^3.0.9", "yoctocolors-cjs": "^2.1.2" }, "peerDependencies": { "@types/node": ">=18" }, "optionalPeers": ["@types/node"] }, "sha512-+mScLhIcbPFmuvU3tAGBed78XvYHSvCl6dBiYMlzCLhpr0bzGzd8tfivMMeqND6XZiaZ1tgusbUHJEfc6YzOdA=="],

    "@inquirer/external-editor": ["@inquirer/external-editor@1.0.2", "", { "dependencies": { "chardet": "^2.1.0", "iconv-lite": "^0.7.0" }, "peerDependencies": { "@types/node": ">=18" }, "optionalPeers": ["@types/node"] }, "sha512-yy9cOoBnx58TlsPrIxauKIFQTiyH+0MK4e97y4sV9ERbI+zDxw7i2hxHLCIEGIE/8PPvDxGhgzIOTSOWcs6/MQ=="],

    "@inquirer/figures": ["@inquirer/figures@1.0.14", "", {}, "sha512-DbFgdt+9/OZYFM+19dbpXOSeAstPy884FPy1KjDu4anWwymZeOYhMY1mdFri172htv6mvc/uvIAAi7b7tvjJBQ=="],

    "@inquirer/input": ["@inquirer/input@4.2.5", "", { "dependencies": { "@inquirer/core": "^10.3.0", "@inquirer/type": "^3.0.9" }, "peerDependencies": { "@types/node": ">=18" }, "optionalPeers": ["@types/node"] }, "sha512-7GoWev7P6s7t0oJbenH0eQ0ThNdDJbEAEtVt9vsrYZ9FulIokvd823yLyhQlWHJPGce1wzP53ttfdCZmonMHyA=="],

    "@inquirer/number": ["@inquirer/number@3.0.21", "", { "dependencies": { "@inquirer/core": "^10.3.0", "@inquirer/type": "^3.0.9" }, "peerDependencies": { "@types/node": ">=18" }, "optionalPeers": ["@types/node"] }, "sha512-5QWs0KGaNMlhbdhOSCFfKsW+/dcAVC2g4wT/z2MCiZM47uLgatC5N20kpkDQf7dHx+XFct/MJvvNGy6aYJn4Pw=="],

    "@inquirer/password": ["@inquirer/password@4.0.21", "", { "dependencies": { "@inquirer/ansi": "^1.0.1", "@inquirer/core": "^10.3.0", "@inquirer/type": "^3.0.9" }, "peerDependencies": { "@types/node": ">=18" }, "optionalPeers": ["@types/node"] }, "sha512-xxeW1V5SbNFNig2pLfetsDb0svWlKuhmr7MPJZMYuDnCTkpVBI+X/doudg4pznc1/U+yYmWFFOi4hNvGgUo7EA=="],

    "@inquirer/prompts": ["@inquirer/prompts@7.9.0", "", { "dependencies": { "@inquirer/checkbox": "^4.3.0", "@inquirer/confirm": "^5.1.19", "@inquirer/editor": "^4.2.21", "@inquirer/expand": "^4.0.21", "@inquirer/input": "^4.2.5", "@inquirer/number": "^3.0.21", "@inquirer/password": "^4.0.21", "@inquirer/rawlist": "^4.1.9", "@inquirer/search": "^3.2.0", "@inquirer/select": "^4.4.0" }, "peerDependencies": { "@types/node": ">=18" }, "optionalPeers": ["@types/node"] }, "sha512-X7/+dG9SLpSzRkwgG5/xiIzW0oMrV3C0HOa7YHG1WnrLK+vCQHfte4k/T80059YBdei29RBC3s+pSMvPJDU9/A=="],

    "@inquirer/rawlist": ["@inquirer/rawlist@4.1.9", "", { "dependencies": { "@inquirer/core": "^10.3.0", "@inquirer/type": "^3.0.9", "yoctocolors-cjs": "^2.1.2" }, "peerDependencies": { "@types/node": ">=18" }, "optionalPeers": ["@types/node"] }, "sha512-AWpxB7MuJrRiSfTKGJ7Y68imYt8P9N3Gaa7ySdkFj1iWjr6WfbGAhdZvw/UnhFXTHITJzxGUI9k8IX7akAEBCg=="],

    "@inquirer/search": ["@inquirer/search@3.2.0", "", { "dependencies": { "@inquirer/core": "^10.3.0", "@inquirer/figures": "^1.0.14", "@inquirer/type": "^3.0.9", "yoctocolors-cjs": "^2.1.2" }, "peerDependencies": { "@types/node": ">=18" }, "optionalPeers": ["@types/node"] }, "sha512-a5SzB/qrXafDX1Z4AZW3CsVoiNxcIYCzYP7r9RzrfMpaLpB+yWi5U8BWagZyLmwR0pKbbL5umnGRd0RzGVI8bQ=="],

    "@inquirer/select": ["@inquirer/select@4.4.0", "", { "dependencies": { "@inquirer/ansi": "^1.0.1", "@inquirer/core": "^10.3.0", "@inquirer/figures": "^1.0.14", "@inquirer/type": "^3.0.9", "yoctocolors-cjs": "^2.1.2" }, "peerDependencies": { "@types/node": ">=18" }, "optionalPeers": ["@types/node"] }, "sha512-kaC3FHsJZvVyIjYBs5Ih8y8Bj4P/QItQWrZW22WJax7zTN+ZPXVGuOM55vzbdCP9zKUiBd9iEJVdesujfF+cAA=="],

    "@inquirer/type": ["@inquirer/type@3.0.9", "", { "peerDependencies": { "@types/node": ">=18" }, "optionalPeers": ["@types/node"] }, "sha512-QPaNt/nmE2bLGQa9b7wwyRJoLZ7pN6rcyXvzU0YCmivmJyq1BVo94G98tStRWkoD1RgDX5C+dPlhhHzNdu/W/w=="],

    "@logtape/logtape": ["@logtape/logtape@1.1.1", "", {}, "sha512-/zpMuB2BZnL3LnBsy6PfFJp/4qP/60U9hE5j6eFwk25wBVtLpd7/bF3B1j7cnMD37R02fFyDyyHEmRSOz6+Qfg=="],

    "@logtape/pretty": ["@logtape/pretty@1.1.1", "", { "peerDependencies": { "@logtape/logtape": "^1.1.1" } }, "sha512-rKqmPa+QLaQ8BsmzIl09j1PbepcoAJsJXlt5VScPcUOXhY/BaG2nF8rSuC3aS43oavHUgrbNGjgLOD3yCiYZow=="],

    "@loom/examples-gql": ["@loom/examples-gql@workspace:examples/gql"],

    "@loom/examples-rest": ["@loom/examples-rest@workspace:examples/rest"],

    "@loom/release": ["@loom/release@workspace:tooling/release"],

    "@threadws/loom-common": ["@threadws/loom-common@workspace:packages/common"],

    "@threadws/loom-core": ["@threadws/loom-core@workspace:packages/core"],

    "@threadws/loom-graphql": ["@threadws/loom-graphql@workspace:packages/graphql"],

    "@threadws/loom-rest": ["@threadws/loom-rest@workspace:packages/rest"],

    "@types/bun": ["@types/bun@1.3.0", "", { "dependencies": { "bun-types": "1.3.0" } }, "sha512-+lAGCYjXjip2qY375xX/scJeVRmZ5cY0wyHYyCYxNcdEXrQ4AOe3gACgd4iQ8ksOslJtW4VNxBJ8llUwc3a6AA=="],

    "@types/interpret": ["@types/interpret@1.1.3", "", { "dependencies": { "@types/node": "*" } }, "sha512-uBaBhj/BhilG58r64mtDb/BEdH51HIQLgP5bmWzc5qCtFMja8dCk/IOJmk36j0lbi9QHwI6sbtUNGuqXdKCAtQ=="],

    "@types/node": ["@types/node@24.7.2", "", { "dependencies": { "undici-types": "~7.14.0" } }, "sha512-/NbVmcGTP+lj5oa4yiYxxeBjRivKQ5Ns1eSZeB99ExsEQ6rX5XYU1Zy/gGxY/ilqtD4Etx9mKyrPxZRetiahhA=="],

    "@types/react": ["@types/react@19.2.2", "", { "dependencies": { "csstype": "^3.0.2" } }, "sha512-6mDvHUFSjyT2B2yeNx2nUgMxh9LtOWvkhIU3uePn2I2oyNymUAX1NIsdgviM4CH+JSrp2D2hsMvJOkxY+0wNRA=="],

    "@types/semver": ["@types/semver@7.7.1", "", {}, "sha512-FmgJfu+MOcQ370SD0ev7EI8TlCAfKYU+B4m5T3yXc1CiRN94g/SZPtsCkk506aUDtlMnFZvasDwHHUcZUEaYuA=="],

    "ansi-regex": ["ansi-regex@5.0.1", "", {}, "sha512-quJQXlTSUGL2LH9SUXo8VwsY4soanhgo6LNSm84E1LBcE8s3O0wpdiRzyR9z/ZZJMlMWv37qOOb9pdJlMUEKFQ=="],

    "ansi-styles": ["ansi-styles@4.3.0", "", { "dependencies": { "color-convert": "^2.0.1" } }, "sha512-zbB9rCJAT1rbjiVDb2hqKFHNYLxgtk8NURxZ3IZwD3F6NtxbXZQCnnSi1Lkx+IDohdPlFp222wVALIheZJQSEg=="],

    "bun-types": ["bun-types@1.3.0", "", { "dependencies": { "@types/node": "*" }, "peerDependencies": { "@types/react": "^19" } }, "sha512-u8X0thhx+yJ0KmkxuEo9HAtdfgCBaM/aI9K90VQcQioAmkVp3SG3FkwWGibUFz3WdXAdcsqOcbU40lK7tbHdkQ=="],

    "chalk": ["chalk@4.1.2", "", { "dependencies": { "ansi-styles": "^4.1.0", "supports-color": "^7.1.0" } }, "sha512-oKnbhFyRIXpUuez8iBMmyEa4nbj4IOQyuhc/wy9kY7/WVPcwIO9VA668Pu8RkO7+0G76SLROeyw9CpQ061i4mA=="],

    "chardet": ["chardet@2.1.0", "", {}, "sha512-bNFETTG/pM5ryzQ9Ad0lJOTa6HWD/YsScAR3EnCPZRPlQh77JocYktSHOUHelyhm8IARL+o4c4F1bP5KVOjiRA=="],

    "cli-width": ["cli-width@4.1.0", "", {}, "sha512-ouuZd4/dm2Sw5Gmqy6bGyNNNe1qt9RpmxveLSO7KcgsTnU7RXfsw+/bukWGo1abgBiMAic068rclZsO4IWmmxQ=="],

    "cliui": ["cliui@8.0.1", "", { "dependencies": { "string-width": "^4.2.0", "strip-ansi": "^6.0.1", "wrap-ansi": "^7.0.0" } }, "sha512-BSeNnyus75C4//NQ9gQt1/csTXyo/8Sb+afLAkzAptFuMsod9HFokGNudZpi/oQV73hnVK+sR+5PVRMd+Dr7YQ=="],

    "color-convert": ["color-convert@2.0.1", "", { "dependencies": { "color-name": "~1.1.4" } }, "sha512-RRECPsj7iu/xb5oKYcsFHSppFNnsj/52OVTRKb4zP5onXwVF3zVmmToNcOfGC+CRDpfK/U584fMg38ZHCaElKQ=="],

    "color-name": ["color-name@1.1.4", "", {}, "sha512-dOy+3AuW3a2wNbZHIuMZpTcgjGuLU/uBL/ubcZF9OXbDo8ff4O8yVp5Bf0efS8uEoYo5q4Fx7dY9OgQGXgAsQA=="],

    "commander": ["commander@14.0.1", "", {}, "sha512-2JkV3gUZUVrbNA+1sjBOYLsMZ5cEEl8GTFP2a4AVz5hvasAMCQ1D2l2le/cX+pV4N6ZU17zjUahLpIXRrnWL8A=="],

    "csstype": ["csstype@3.1.3", "", {}, "sha512-M1uQkMl8rQK/szD0LNhtqxIPLpimGm8sOBwU7lLnCpSbTyY3yeU1Vc7l4KT5zT4s/yOxHH5O7tIuuLOCnLADRw=="],

    "debug": ["debug@4.4.3", "", { "dependencies": { "ms": "^2.1.3" } }, "sha512-RGwwWnwQvkVfavKVt22FGLw+xYSdzARwm0ru6DhTVA3umU5hZc28V3kO4stgYryrTlLpuvgI9GiijltAjNbcqA=="],

    "emoji-regex": ["emoji-regex@8.0.0", "", {}, "sha512-MSjYzcWNOA0ewAHpz0MxpYFvwg6yjy1NG3xteoqz644VCo/RPgnr1/GGt+ic3iJTzQ8Eu3TdM14SawnVUmGE6A=="],

    "escalade": ["escalade@3.2.0", "", {}, "sha512-WUj2qlxaQtO4g6Pq5c29GTcWGDyd8itL8zTlipgECz3JesAiiOKotd8JU6otB3PACgG6xkJUyVhboMS+bje/jA=="],

    "eventemitter3": ["eventemitter3@4.0.7", "", {}, "sha512-8guHBZCwKnFhYdHr2ysuRWErTwhoN2X8XELRlrRwpmfeY2jjuUN4taQMsULKUVo1K4DvZl+0pgfyoysHxvmvEw=="],

    "follow-redirects": ["follow-redirects@1.15.11", "", {}, "sha512-deG2P0JfjrTxl50XGCDyfI97ZGVCxIpfKYmfyrQ54n5FO/0gfIES8C/Psl6kWVDolizcaaxZJnTS0QSMxvnsBQ=="],

    "get-caller-file": ["get-caller-file@2.0.5", "", {}, "sha512-DyFP3BM/3YHTQOCUL/w0OZHR0lpKeGrxotcHWcqNEdnltqFwXVfhEBQ94eIo34AfQpo0rGki4cyIiftY06h2Fg=="],

    "graphile-config": ["graphile-config@0.0.1-beta.18", "", { "dependencies": { "@types/interpret": "^1.1.3", "@types/node": "^22.16.3", "@types/semver": "^7.7.0", "chalk": "^4.1.2", "debug": "^4.4.1", "interpret": "^3.1.1", "semver": "^7.7.2", "tslib": "^2.8.1", "yargs": "^17.7.2" } }, "sha512-uMdF9Rt8/NwT1wVXNleYgM5ro2hHDodHiKA3efJhgdU8iP+r/hksnghOHreMva0sF5tV73f4TpiELPUR0g7O9w=="],

    "graphql": ["graphql@16.11.0", "", {}, "sha512-mS1lbMsxgQj6hge1XZ6p7GPhbrtFwUFYi3wRzXAC/FmYnyXMTvvI3td3rjmQ2u8ewXueaSvRPWaEcgVVOT9Jnw=="],

    "graphql-http": ["graphql-http@1.22.4", "", { "peerDependencies": { "graphql": ">=0.11 <=16" } }, "sha512-OC3ucK988teMf+Ak/O+ZJ0N2ukcgrEurypp8ePyJFWq83VzwRAmHxxr+XxrMpxO/FIwI4a7m/Fzv3tWGJv0wPA=="],

    "has-flag": ["has-flag@4.0.0", "", {}, "sha512-EykJT/Q1KjTWctppgIAgfSO0tKVuZUjhgMr17kqTumMl6Afv3EISleU7qZUzoXDFTAHTDC4NOoG/ZxU3EvlMPQ=="],

    "http-proxy": ["http-proxy@1.18.1", "", { "dependencies": { "eventemitter3": "^4.0.0", "follow-redirects": "^1.0.0", "requires-port": "^1.0.0" } }, "sha512-7mz/721AbnJwIVbnaSv1Cz3Am0ZLT/UBwkC92VlxhXv/k/BBQfM2fXElQNC27BVGr0uwUpplYPQM9LnaBMR5NQ=="],

    "iconv-lite": ["iconv-lite@0.7.0", "", { "dependencies": { "safer-buffer": ">= 2.1.2 < 3.0.0" } }, "sha512-cf6L2Ds3h57VVmkZe+Pn+5APsT7FpqJtEhhieDCvrE2MK5Qk9MyffgQyuxQTm6BChfeZNtcOLHp9IcWRVcIcBQ=="],

    "interpret": ["interpret@3.1.1", "", {}, "sha512-6xwYfHbajpoF0xLW+iwLkhwgvLoZDfjYfoFNu8ftMoXINzwuymNLd9u/KmwtdT2GbR+/Cz66otEGEVVUHX9QLQ=="],

    "is-fullwidth-code-point": ["is-fullwidth-code-point@3.0.0", "", {}, "sha512-zymm5+u+sCsSWyD9qNaejV3DFvhCKclKdizYaJUuHA83RLjb7nSuGnddCHGv0hk+KY7BMAlsWeK4Ueg6EV6XQg=="],

    "ms": ["ms@2.1.3", "", {}, "sha512-6FlzubTLZG3J2a/NVCAleEhjzq5oxgHyaCU9yYXvcLsvoVaHJq/s5xXI6/XXP6tz7R9xAOtHnSO/tXtF3WRTlA=="],

    "mute-stream": ["mute-stream@2.0.0", "", {}, "sha512-WWdIxpyjEn+FhQJQQv9aQAYlHoNVdzIzUySNV1gHUPDSdZJ3yZn7pAAbQcV7B56Mvu881q9FZV+0Vx2xC44VWA=="],

    "openapi3-ts": ["openapi3-ts@4.5.0", "", { "dependencies": { "yaml": "^2.8.0" } }, "sha512-jaL+HgTq2Gj5jRcfdutgRGLosCy/hT8sQf6VOy+P+g36cZOjI1iukdPnijC+4CmeRzg/jEllJUboEic2FhxhtQ=="],

    "reflect-metadata": ["reflect-metadata@0.2.2", "", {}, "sha512-urBwgfrvVP/eAyXx4hluJivBKzuEbSQs9rKWCrCkbSxNv8mxPcUZKeuoF3Uy4mJl3Lwprp6yy5/39VWigZ4K6Q=="],

    "require-directory": ["require-directory@2.1.1", "", {}, "sha512-fGxEI7+wsG9xrvdjsrlmL22OMTTiHRwAMroiEeMgq8gzoLC/PQr7RsRDSTLUg/bZAZtF+TVIkHc6/4RIKrui+Q=="],

    "requires-port": ["requires-port@1.0.0", "", {}, "sha512-KigOCHcocU3XODJxsu8i/j8T9tzT4adHiecwORRQ0ZZFcp7ahwXuRU1m+yuO90C5ZUyGeGfocHDI14M3L3yDAQ=="],

    "ruru": ["ruru@2.0.0-beta.30", "", { "dependencies": { "@emotion/is-prop-valid": "^1.3.1", "graphile-config": "^0.0.1-beta.18", "graphql": "^16.1.0-experimental-stream-defer.6", "http-proxy": "^1.18.1", "tslib": "^2.8.1", "yargs": "^17.7.2" }, "bin": { "ruru": "dist/cli-run.js" } }, "sha512-SXG4hD+4KecRphvLBWd1Nt5pMjl2hgkALlx4t7W7rawolD5sIf9L7vvTSM0VDgWUw8Y2NqPdMv8HmA5jO0Vf9g=="],

    "safer-buffer": ["safer-buffer@2.1.2", "", {}, "sha512-YZo3K82SD7Riyi0E1EQPojLz7kpepnSQI9IyPbHHg1XXXevb5dJI7tpyN2ADxGcQbHG7vcyRHk0cbwqcQriUtg=="],

    "semver": ["semver@7.7.3", "", { "bin": { "semver": "bin/semver.js" } }, "sha512-SdsKMrI9TdgjdweUSR9MweHA4EJ8YxHn8DFaDisvhVlUOe4BF1tLD7GAj0lIqWVl+dPb/rExr0Btby5loQm20Q=="],

    "sherif": ["sherif@1.6.1", "", { "optionalDependencies": { "sherif-darwin-arm64": "1.6.1", "sherif-darwin-x64": "1.6.1", "sherif-linux-arm64": "1.6.1", "sherif-linux-x64": "1.6.1", "sherif-windows-arm64": "1.6.1", "sherif-windows-x64": "1.6.1" }, "bin": { "sherif": "index.js" } }, "sha512-ZnwyTnmXoUOPClkOA37JWIyFxCoozMGHmhk/p7XbTREI554XXCnBAn3BMX8UsqkhSzQ9eNQsq4U+jnImEIppsQ=="],

    "sherif-darwin-arm64": ["sherif-darwin-arm64@1.6.1", "", { "os": "darwin", "cpu": "arm64" }, "sha512-J15oBJcrnCAZ0rQE8WbMShYw3204A18akCH6C/uZrILTwX/vZyJIqi7lAt5L00LzsadA3HcyQqVjLNNCvuihoQ=="],

    "sherif-darwin-x64": ["sherif-darwin-x64@1.6.1", "", { "os": "darwin", "cpu": "x64" }, "sha512-oLA/GtvUasi+qCl35LczOhQ4g/xY2mxE5/eiTYQGT3Ow7FKLscnkE6v5l28bgkFeR/uke0AgZ/CgHhozAf0ulg=="],

    "sherif-linux-arm64": ["sherif-linux-arm64@1.6.1", "", { "os": "linux", "cpu": "arm64" }, "sha512-OoltlucT7v9BZdkYZRbs1QU0DYMCQ5qgpMqQdMW1Rq3w3amr7+oEiV9NHntD83udOo8xRxKq0uPXfNYu+VptJw=="],

    "sherif-linux-x64": ["sherif-linux-x64@1.6.1", "", { "os": "linux", "cpu": "x64" }, "sha512-qyDyYqpi3ABGkRuCnjnxN3OMT8DxMiiLzhS9p9xC05Y9nr5hjkxvqP4DdJ4e5opm4E7vzRAS7VQoZ6m7h6tsgQ=="],

    "sherif-windows-arm64": ["sherif-windows-arm64@1.6.1", "", { "os": "win32", "cpu": "arm64" }, "sha512-wAbCiqP//lo7bZUlHmZUV3/sGjnJxo6QB5/fqhz5/GUeWh4CTyvlSacJKZxLnXnzpiUSeFnWutquWnHkRov5Ug=="],

    "sherif-windows-x64": ["sherif-windows-x64@1.6.1", "", { "os": "win32", "cpu": "x64" }, "sha512-2r0qMxZGCMO2aq8Hlq7npxtAsUFVDsEFtUM/6dFo1npa/jHe2mbU7ii/Ymy0bloSa/qw/azrSfRV6GLU7Gjtxg=="],

    "signal-exit": ["signal-exit@4.1.0", "", {}, "sha512-bzyZ1e88w9O1iNJbKnOlvYTrWPDl46O1bG0D3XInv+9tkPrxrN8jUUTiFlDkkmKWgn1M6CfIA13SuGqOa9Korw=="],

    "string-width": ["string-width@4.2.3", "", { "dependencies": { "emoji-regex": "^8.0.0", "is-fullwidth-code-point": "^3.0.0", "strip-ansi": "^6.0.1" } }, "sha512-wKyQRQpjJ0sIp62ErSZdGsjMJWsap5oRNihHhu6G7JVO/9jIB6UyevL+tXuOqrng8j/cxKTWyWUwvSTriiZz/g=="],

    "strip-ansi": ["strip-ansi@6.0.1", "", { "dependencies": { "ansi-regex": "^5.0.1" } }, "sha512-Y38VPSHcqkFrCpFnQ9vuSXmquuv5oXOKpGeT6aGrr3o3Gc9AlVa6JBfUSOCnbxGGZF+/0ooI7KrPuUSztUdU5A=="],

    "supports-color": ["supports-color@7.2.0", "", { "dependencies": { "has-flag": "^4.0.0" } }, "sha512-qpCAvRl9stuOHveKsn7HncJRvv501qIacKzQlO/+Lwxc9+0q2wLyv4Dfvt80/DPn2pqOBsJdDiogXGR9+OvwRw=="],

    "ts-pattern": ["ts-pattern@5.8.0", "", {}, "sha512-kIjN2qmWiHnhgr5DAkAafF9fwb0T5OhMVSWrm8XEdTFnX6+wfXwYOFjeF86UZ54vduqiR7BfqScFmXSzSaH8oA=="],

    "tslib": ["tslib@2.8.1", "", {}, "sha512-oJFu94HQb+KVduSUQL7wnpmqnfmLsOA/nAh6b6EH0wCEoK0/mPeXU6c3wKDV83MkOuHPRHtSXKKU99IBazS/2w=="],

    "turbo": ["turbo@2.5.8", "", { "optionalDependencies": { "turbo-darwin-64": "2.5.8", "turbo-darwin-arm64": "2.5.8", "turbo-linux-64": "2.5.8", "turbo-linux-arm64": "2.5.8", "turbo-windows-64": "2.5.8", "turbo-windows-arm64": "2.5.8" }, "bin": { "turbo": "bin/turbo" } }, "sha512-5c9Fdsr9qfpT3hA0EyYSFRZj1dVVsb6KIWubA9JBYZ/9ZEAijgUEae0BBR/Xl/wekt4w65/lYLTFaP3JmwSO8w=="],

    "turbo-darwin-64": ["turbo-darwin-64@2.5.8", "", { "os": "darwin", "cpu": "x64" }, "sha512-Dh5bCACiHO8rUXZLpKw+m3FiHtAp2CkanSyJre+SInEvEr5kIxjGvCK/8MFX8SFRjQuhjtvpIvYYZJB4AGCxNQ=="],

    "turbo-darwin-arm64": ["turbo-darwin-arm64@2.5.8", "", { "os": "darwin", "cpu": "arm64" }, "sha512-f1H/tQC9px7+hmXn6Kx/w8Jd/FneIUnvLlcI/7RGHunxfOkKJKvsoiNzySkoHQ8uq1pJnhJ0xNGTlYM48ZaJOQ=="],

    "turbo-linux-64": ["turbo-linux-64@2.5.8", "", { "os": "linux", "cpu": "x64" }, "sha512-hMyvc7w7yadBlZBGl/bnR6O+dJTx3XkTeyTTH4zEjERO6ChEs0SrN8jTFj1lueNXKIHh1SnALmy6VctKMGnWfw=="],

    "turbo-linux-arm64": ["turbo-linux-arm64@2.5.8", "", { "os": "linux", "cpu": "arm64" }, "sha512-LQELGa7bAqV2f+3rTMRPnj5G/OHAe2U+0N9BwsZvfMvHSUbsQ3bBMWdSQaYNicok7wOZcHjz2TkESn1hYK6xIQ=="],

    "turbo-windows-64": ["turbo-windows-64@2.5.8", "", { "os": "win32", "cpu": "x64" }, "sha512-3YdcaW34TrN1AWwqgYL9gUqmZsMT4T7g8Y5Azz+uwwEJW+4sgcJkIi9pYFyU4ZBSjBvkfuPZkGgfStir5BBDJQ=="],

    "turbo-windows-arm64": ["turbo-windows-arm64@2.5.8", "", { "os": "win32", "cpu": "arm64" }, "sha512-eFC5XzLmgXJfnAK3UMTmVECCwuBcORrWdewoiXBnUm934DY6QN8YowC/srhNnROMpaKaqNeRpoB5FxCww3eteQ=="],

    "typedi": ["typedi@0.10.0", "", {}, "sha512-v3UJF8xm68BBj6AF4oQML3ikrfK2c9EmZUyLOfShpJuItAqVBHWP/KtpGinkSsIiP6EZyyb6Z3NXyW9dgS9X1w=="],

    "typescript": ["typescript@5.9.3", "", { "bin": { "tsc": "bin/tsc", "tsserver": "bin/tsserver" } }, "sha512-jl1vZzPDinLr9eUt3J/t7V6FgNEw9QjvBPdysz9KfQDD41fQrC2Y4vKQdiaUpFT4bXlb1RHhLpp8wtm6M5TgSw=="],

    "undici-types": ["undici-types@7.14.0", "", {}, "sha512-QQiYxHuyZ9gQUIrmPo3IA+hUl4KYk8uSA7cHrcKd/l3p1OTpZcM0Tbp9x7FAtXdAYhlasd60ncPpgu6ihG6TOA=="],

    "wrap-ansi": ["wrap-ansi@6.2.0", "", { "dependencies": { "ansi-styles": "^4.0.0", "string-width": "^4.1.0", "strip-ansi": "^6.0.0" } }, "sha512-r6lPcBGxZXlIcymEu7InxDMhdW0KDxpLgoFLcguasxCaJ/SOIZwINatK9KY/tf+ZrlywOKU0UDj3ATXUBfxJXA=="],

    "y18n": ["y18n@5.0.8", "", {}, "sha512-0pfFzegeDWJHJIAmTLRP2DwHjdF5s7jo9tuztdQxAhINCdvS+3nGINqPd00AphqJR/0LhANUS6/+7SCb98YOfA=="],

    "yaml": ["yaml@2.8.1", "", { "bin": { "yaml": "bin.mjs" } }, "sha512-lcYcMxX2PO9XMGvAJkJ3OsNMw+/7FKes7/hgerGUYWIoWu5j/+YQqcZr5JnPZWzOsEBgMbSbiSTn/dv/69Mkpw=="],

    "yargs": ["yargs@17.7.2", "", { "dependencies": { "cliui": "^8.0.1", "escalade": "^3.1.1", "get-caller-file": "^2.0.5", "require-directory": "^2.1.1", "string-width": "^4.2.3", "y18n": "^5.0.5", "yargs-parser": "^21.1.1" } }, "sha512-7dSzzRQ++CKnNI/krKnYRV7JKKPUXMEh61soaHKg9mrWEhzFWhFnxPxGl+69cD1Ou63C13NUPCnmIcrvqCuM6w=="],

    "yargs-parser": ["yargs-parser@21.1.1", "", {}, "sha512-tVpsJW7DdjecAiFpbIB1e3qxIQsE6NoPc5/eTdrbbIC4h0LVsWhnoa3g+m2HclBIujHzsxZ4VJVA+GUuc2/LBw=="],

    "yoctocolors-cjs": ["yoctocolors-cjs@2.1.3", "", {}, "sha512-U/PBtDf35ff0D8X8D0jfdzHYEPFxAI7jJlxZXwCSez5M3190m+QobIfh+sWDWSHMCWWJN2AWamkegn6vr6YBTw=="],

    "zod": ["zod@4.1.12", "", {}, "sha512-JInaHOamG8pt5+Ey8kGmdcAcg3OL9reK8ltczgHTAwNhMys/6ThXHityHxVV2p3fkw/c+MAvBHFVYHFZDmjMCQ=="],

    "cliui/wrap-ansi": ["wrap-ansi@7.0.0", "", { "dependencies": { "ansi-styles": "^4.0.0", "string-width": "^4.1.0", "strip-ansi": "^6.0.0" } }, "sha512-YVGIj2kamLSTxw6NsZjoBxfSwsn0ycdesmc4p+Q21c5zPuZ1pl+NfxVdxPtdHvmNVOQ6XSYG4AUtyt/Fi7D16Q=="],

    "graphile-config/@types/node": ["@types/node@22.18.10", "", { "dependencies": { "undici-types": "~6.21.0" } }, "sha512-anNG/V/Efn/YZY4pRzbACnKxNKoBng2VTFydVu8RRs5hQjikP8CQfaeAV59VFSCzKNp90mXiVXW2QzV56rwMrg=="],

    "graphile-config/@types/node/undici-types": ["undici-types@6.21.0", "", {}, "sha512-iwDZqg0QAGrg9Rav5H4n0M64c3mkR59cJ6wQp+7C4nI0gsmExaedaYLNO44eT4AtBBwjbTiGPMlt2Md0T9H9JQ=="],
  }
}
